[[package]]
category = "main"
description = "Radically simple IT automation"
name = "ansible"
optional = false
python-versions = ">=2.7,!=3.0.*,!=3.1.*,!=3.2.*,!=3.3.*,!=3.4.*"
version = "2.9.9"

[[package]]
category = "main"
description = "JSON Matching Expressions"
name = "jmespath"
optional = false
python-versions = ">=2.6, !=3.0.*, !=3.1.*, !=3.2.*"
version = "0.10.0"

[[package]]
category = "main"
description = "Library for writing distributed self-replicating programs."
name = "mitogen"
optional = false
python-versions = "*"
version = "0.2.9"

[metadata]
content-hash = "0a8d78ba8e7fca628cc0fdf576be7af2f176aee05a3e6f5bdd01ccf812c19f45"
python-versions = "^3.8"

[metadata.files]
ansible = [
    {file = "ansible-2.9.9.tar.gz", hash = "sha256:e83d84ae8bf131c0499d8a4c0e1144bf969454c43086e61cca3c224227df29d1"},
]
jmespath = [
    {file = "jmespath-0.10.0-py2.py3-none-any.whl", hash = "sha256:cdf6525904cc597730141d61b36f2e4b8ecc257c420fa2f4549bac2c2d0cb72f"},
    {file = "jmespath-0.10.0.tar.gz", hash = "sha256:b85d0567b8666149a93172712e68920734333c0ce7e89b78b3e987f71e5ed4f9"},
]
mitogen = [
    {file = "mitogen-0.2.9.tar.gz", hash = "sha256:76cb9afef92596818a4639afb2a0bb0384ce7b6699b353af55662057b08b1e57"},
]
